
Microsoft Visual Studio Solution File, Format Version 12.00
# Visual Studio Version 17
VisualStudioVersion = 17.14.36221.1 d17.14
MinimumVisualStudioVersion = 10.0.40219.1
Project("{8BC9CEB8-8B4A-11D0-8D11-00A0C91BC942}") = "PNScan", "PNScan.vcxproj", "{A785D0ED-9340-4DC6-9514-7B9A6B230748}"
EndProject
Project("{FAE04EC0-301F-11D3-BF4B-00C04F79EFBC}") = "scanCommander", "..\rootCommander\scanCommander.csproj", "{CC116D2E-9752-4482-9545-DBF46DE40454}"
EndProject
Global
	GlobalSection(SolutionConfigurationPlatforms) = preSolution
		Debug|Any CPU = Debug|Any CPU
		Debug|x64 = Debug|x64
		Debug|x86 = Debug|x86
		Release|Any CPU = Release|Any CPU
		Release|x64 = Release|x64
		Release|x86 = Release|x86
	EndGlobalSection
	GlobalSection(ProjectConfigurationPlatforms) = postSolution
		{A785D0ED-9340-4DC6-9514-7B9A6B230748}.Debug|Any CPU.ActiveCfg = Debug|x64
		{A785D0ED-9340-4DC6-9514-7B9A6B230748}.Debug|Any CPU.Build.0 = Debug|x64
		{A785D0ED-9340-4DC6-9514-7B9A6B230748}.Debug|x64.ActiveCfg = Debug|x64
		{A785D0ED-9340-4DC6-9514-7B9A6B230748}.Debug|x64.Build.0 = Debug|x64
		{A785D0ED-9340-4DC6-9514-7B9A6B230748}.Debug|x86.ActiveCfg = Debug|Win32
		{A785D0ED-9340-4DC6-9514-7B9A6B230748}.Debug|x86.Build.0 = Debug|Win32
		{A785D0ED-9340-4DC6-9514-7B9A6B230748}.Release|Any CPU.ActiveCfg = Release|x64
		{A785D0ED-9340-4DC6-9514-7B9A6B230748}.Release|Any CPU.Build.0 = Release|x64
		{A785D0ED-9340-4DC6-9514-7B9A6B230748}.Release|x64.ActiveCfg = Release|x64
		{A785D0ED-9340-4DC6-9514-7B9A6B230748}.Release|x64.Build.0 = Release|x64
		{A785D0ED-9340-4DC6-9514-7B9A6B230748}.Release|x86.ActiveCfg = Release|Win32
		{A785D0ED-9340-4DC6-9514-7B9A6B230748}.Release|x86.Build.0 = Release|Win32
		{CC116D2E-9752-4482-9545-DBF46DE40454}.Debug|Any CPU.ActiveCfg = Debug|Any CPU
		{CC116D2E-9752-4482-9545-DBF46DE40454}.Debug|Any CPU.Build.0 = Debug|Any CPU
		{CC116D2E-9752-4482-9545-DBF46DE40454}.Debug|x64.ActiveCfg = Debug|Any CPU
		{CC116D2E-9752-4482-9545-DBF46DE40454}.Debug|x64.Build.0 = Debug|Any CPU
		{CC116D2E-9752-4482-9545-DBF46DE40454}.Debug|x86.ActiveCfg = Debug|Any CPU
		{CC116D2E-9752-4482-9545-DBF46DE40454}.Debug|x86.Build.0 = Debug|Any CPU
		{CC116D2E-9752-4482-9545-DBF46DE40454}.Release|Any CPU.ActiveCfg = Release|Any CPU
		{CC116D2E-9752-4482-9545-DBF46DE40454}.Release|Any CPU.Build.0 = Release|Any CPU
		{CC116D2E-9752-4482-9545-DBF46DE40454}.Release|x64.ActiveCfg = Release|Any CPU
		{CC116D2E-9752-4482-9545-DBF46DE40454}.Release|x64.Build.0 = Release|Any CPU
		{CC116D2E-9752-4482-9545-DBF46DE40454}.Release|x86.ActiveCfg = Release|Any CPU
		{CC116D2E-9752-4482-9545-DBF46DE40454}.Release|x86.Build.0 = Release|Any CPU
	EndGlobalSection
	GlobalSection(SolutionProperties) = preSolution
		HideSolutionNode = FALSE
	EndGlobalSection
	GlobalSection(ExtensibilityGlobals) = postSolution
		SolutionGuid = {6216C656-B8A2-4AFA-89AE-5C74167AD493}
	EndGlobalSection
EndGlobal
